
Microsoft Visual Studio Solution File, Format Version 12.00
# Visual Studio Version 16
VisualStudioVersion = 16.0.29806.167
MinimumVisualStudioVersion = 10.0.40219.1
Project("{9A19103F-16F7-4668-BE54-9A1E7A4F7556}") = "Sica.Assets.UseCases", "Sica.Assets.UseCases\Sica.Assets.UseCases.csproj", "{C37F9FCB-5425-43A2-B5FA-75BAD0A08695}"
EndProject
Project("{9A19103F-16F7-4668-BE54-9A1E7A4F7556}") = "Sica.Assets.Api", "Sica.Assets.Api\Sica.Assets.Api.csproj", "{0EFF2DF0-046E-4F57-94BF-68E9A91A9B62}"
EndProject
Project("{9A19103F-16F7-4668-BE54-9A1E7A4F7556}") = "Sica.Assets.Tests", "Sica.Assets.Tests\Sica.Assets.Tests.csproj", "{7B553A4E-DCF8-4C75-B4F9-8F6009C362B0}"
EndProject
Project("{9A19103F-16F7-4668-BE54-9A1E7A4F7556}") = "Sica.Assets.Repositories", "Sica.Assets.Repositories\Sica.Assets.Repositories.csproj", "{4FD9F496-5723-4324-A88A-596B3531A670}"
EndProject
Project("{9A19103F-16F7-4668-BE54-9A1E7A4F7556}") = "Sica.Assets.Shared", "Sica.Assets.Shared\Sica.Assets.Shared.csproj", "{BA907AB0-94B1-4D80-A1C2-BA546E7B8FC9}"
EndProject
Project("{9A19103F-16F7-4668-BE54-9A1E7A4F7556}") = "Sica.Assets.Borders", "Sica.Assets.Borders\Sica.Assets.Borders.csproj", "{8369D988-64E8-4BFA-802A-F476187FDAA6}"
EndProject
Global
	GlobalSection(SolutionConfigurationPlatforms) = preSolution
		Debug|Any CPU = Debug|Any CPU
		Release|Any CPU = Release|Any CPU
	EndGlobalSection
	GlobalSection(ProjectConfigurationPlatforms) = postSolution
		{C37F9FCB-5425-43A2-B5FA-75BAD0A08695}.Debug|Any CPU.ActiveCfg = Debug|Any CPU
		{C37F9FCB-5425-43A2-B5FA-75BAD0A08695}.Debug|Any CPU.Build.0 = Debug|Any CPU
		{C37F9FCB-5425-43A2-B5FA-75BAD0A08695}.Release|Any CPU.ActiveCfg = Release|Any CPU
		{C37F9FCB-5425-43A2-B5FA-75BAD0A08695}.Release|Any CPU.Build.0 = Release|Any CPU
		{0EFF2DF0-046E-4F57-94BF-68E9A91A9B62}.Debug|Any CPU.ActiveCfg = Debug|Any CPU
		{0EFF2DF0-046E-4F57-94BF-68E9A91A9B62}.Debug|Any CPU.Build.0 = Debug|Any CPU
		{0EFF2DF0-046E-4F57-94BF-68E9A91A9B62}.Release|Any CPU.ActiveCfg = Release|Any CPU
		{0EFF2DF0-046E-4F57-94BF-68E9A91A9B62}.Release|Any CPU.Build.0 = Release|Any CPU
		{7B553A4E-DCF8-4C75-B4F9-8F6009C362B0}.Debug|Any CPU.ActiveCfg = Debug|Any CPU
		{7B553A4E-DCF8-4C75-B4F9-8F6009C362B0}.Debug|Any CPU.Build.0 = Debug|Any CPU
		{7B553A4E-DCF8-4C75-B4F9-8F6009C362B0}.Release|Any CPU.ActiveCfg = Release|Any CPU
		{7B553A4E-DCF8-4C75-B4F9-8F6009C362B0}.Release|Any CPU.Build.0 = Release|Any CPU
		{4FD9F496-5723-4324-A88A-596B3531A670}.Debug|Any CPU.ActiveCfg = Debug|Any CPU
		{4FD9F496-5723-4324-A88A-596B3531A670}.Debug|Any CPU.Build.0 = Debug|Any CPU
		{4FD9F496-5723-4324-A88A-596B3531A670}.Release|Any CPU.ActiveCfg = Release|Any CPU
		{4FD9F496-5723-4324-A88A-596B3531A670}.Release|Any CPU.Build.0 = Release|Any CPU
		{BA907AB0-94B1-4D80-A1C2-BA546E7B8FC9}.Debug|Any CPU.ActiveCfg = Debug|Any CPU
		{BA907AB0-94B1-4D80-A1C2-BA546E7B8FC9}.Debug|Any CPU.Build.0 = Debug|Any CPU
		{BA907AB0-94B1-4D80-A1C2-BA546E7B8FC9}.Release|Any CPU.ActiveCfg = Release|Any CPU
		{BA907AB0-94B1-4D80-A1C2-BA546E7B8FC9}.Release|Any CPU.Build.0 = Release|Any CPU
		{8369D988-64E8-4BFA-802A-F476187FDAA6}.Debug|Any CPU.ActiveCfg = Debug|Any CPU
		{8369D988-64E8-4BFA-802A-F476187FDAA6}.Debug|Any CPU.Build.0 = Debug|Any CPU
		{8369D988-64E8-4BFA-802A-F476187FDAA6}.Release|Any CPU.ActiveCfg = Release|Any CPU
		{8369D988-64E8-4BFA-802A-F476187FDAA6}.Release|Any CPU.Build.0 = Release|Any CPU
	EndGlobalSection
	GlobalSection(SolutionProperties) = preSolution
		HideSolutionNode = FALSE
	EndGlobalSection
	GlobalSection(ExtensibilityGlobals) = postSolution
		SolutionGuid = {A342EBE1-F8BD-48BA-9C43-E2DC51B919E6}
	EndGlobalSection
EndGlobal
